
Microsoft Visual Studio Solution File, Format Version 12.00
Project("{FAE04EC0-301F-11D3-BF4B-00C04F79EFBC}") = "SahuarOS", "SahuarOS\SahuarOS.csproj", "{539EC3A2-B3DF-4BF6-8975-21FFEAC6C6EF}"
EndProject
Project("{FAE04EC0-301F-11D3-BF4B-00C04F79EFBC}") = "Core", "Core\Core.csproj", "{6E577A52-ABDB-49CB-B438-A345B4A44198}"
EndProject
Project("{FAE04EC0-301F-11D3-BF4B-00C04F79EFBC}") = "Infrastructure", "Infrastructure\Infrastructure.csproj", "{332116B4-0316-41DD-BACD-93438C2A82C7}"
EndProject
Global
	GlobalSection(SolutionConfigurationPlatforms) = preSolution
		Debug|Any CPU = Debug|Any CPU
		Release|Any CPU = Release|Any CPU
	EndGlobalSection
	GlobalSection(ProjectConfigurationPlatforms) = postSolution
		{539EC3A2-B3DF-4BF6-8975-21FFEAC6C6EF}.Debug|Any CPU.ActiveCfg = Debug|Any CPU
		{539EC3A2-B3DF-4BF6-8975-21FFEAC6C6EF}.Debug|Any CPU.Build.0 = Debug|Any CPU
		{539EC3A2-B3DF-4BF6-8975-21FFEAC6C6EF}.Release|Any CPU.ActiveCfg = Release|Any CPU
		{539EC3A2-B3DF-4BF6-8975-21FFEAC6C6EF}.Release|Any CPU.Build.0 = Release|Any CPU
		{6E577A52-ABDB-49CB-B438-A345B4A44198}.Debug|Any CPU.ActiveCfg = Debug|Any CPU
		{6E577A52-ABDB-49CB-B438-A345B4A44198}.Debug|Any CPU.Build.0 = Debug|Any CPU
		{6E577A52-ABDB-49CB-B438-A345B4A44198}.Release|Any CPU.ActiveCfg = Release|Any CPU
		{6E577A52-ABDB-49CB-B438-A345B4A44198}.Release|Any CPU.Build.0 = Release|Any CPU
		{332116B4-0316-41DD-BACD-93438C2A82C7}.Debug|Any CPU.ActiveCfg = Debug|Any CPU
		{332116B4-0316-41DD-BACD-93438C2A82C7}.Debug|Any CPU.Build.0 = Debug|Any CPU
		{332116B4-0316-41DD-BACD-93438C2A82C7}.Release|Any CPU.ActiveCfg = Release|Any CPU
		{332116B4-0316-41DD-BACD-93438C2A82C7}.Release|Any CPU.Build.0 = Release|Any CPU
	EndGlobalSection
EndGlobal
